# THIS IS AN AUTOGENERATED FILE. DO NOT EDIT THIS FILE DIRECTLY.
# yarn lockfile v1


openzeppelin-solidity@^2.4.0:
  version "2.4.0"
  resolved "https://registry.yarnpkg.com/openzeppelin-solidity/-/openzeppelin-solidity-2.4.0.tgz#5f0a7b30571c45493449166e57b947203415349d"
  integrity sha512-533gc5jkspxW5YT0qJo02Za5q1LHwXK9CJCc48jNj/22ncNM/3M/3JfWLqfpB90uqLwOKOovpl0JfaMQTR+gXQ==
